
Microsoft Visual Studio Solution File, Format Version 12.00
# Visual Studio Version 16
VisualStudioVersion = 16.0.29411.108
MinimumVisualStudioVersion = 10.0.40219.1
Project("{9A19103F-16F7-4668-BE54-9A1E7A4F7556}") = "WebApi", "WebApi\WebApi.csproj", "{B2ABB053-F26A-458E-B541-E8DAACF0AEB1}"
EndProject
Project("{9A19103F-16F7-4668-BE54-9A1E7A4F7556}") = "DataAccessLibrary", "DataAccessLibrary\DataAccessLibrary.csproj", "{140FC098-3434-414C-B277-DCCF2AF249BD}"
EndProject
Project("{9A19103F-16F7-4668-BE54-9A1E7A4F7556}") = "BlazorUI", "BlazorUI\BlazorUI.csproj", "{318997D2-3EC1-4419-9091-4B2A9FD6092E}"
EndProject
Project("{9A19103F-16F7-4668-BE54-9A1E7A4F7556}") = "MvcUI", "MvcUI\MvcUI.csproj", "{DAF2F86E-07DF-4614-AEDC-8E951BA2D313}"
EndProject
Project("{9A19103F-16F7-4668-BE54-9A1E7A4F7556}") = "DownloadHost", "DownloadHost\DownloadHost.csproj", "{21E76ABC-94A9-4E7E-8358-1B15C327C725}"
EndProject
Project("{FAE04EC0-301F-11D3-BF4B-00C04F79EFBC}") = "DataLibrary", "DataLibrary\DataLibrary.csproj", "{DFA446E5-7636-46E3-8A66-CE870104488D}"
EndProject
Global
	GlobalSection(SolutionConfigurationPlatforms) = preSolution
		Debug|Any CPU = Debug|Any CPU
		Release|Any CPU = Release|Any CPU
	EndGlobalSection
	GlobalSection(ProjectConfigurationPlatforms) = postSolution
		{B2ABB053-F26A-458E-B541-E8DAACF0AEB1}.Debug|Any CPU.ActiveCfg = Debug|Any CPU
		{B2ABB053-F26A-458E-B541-E8DAACF0AEB1}.Debug|Any CPU.Build.0 = Debug|Any CPU
		{B2ABB053-F26A-458E-B541-E8DAACF0AEB1}.Release|Any CPU.ActiveCfg = Release|Any CPU
		{B2ABB053-F26A-458E-B541-E8DAACF0AEB1}.Release|Any CPU.Build.0 = Release|Any CPU
		{140FC098-3434-414C-B277-DCCF2AF249BD}.Debug|Any CPU.ActiveCfg = Debug|Any CPU
		{140FC098-3434-414C-B277-DCCF2AF249BD}.Debug|Any CPU.Build.0 = Debug|Any CPU
		{140FC098-3434-414C-B277-DCCF2AF249BD}.Release|Any CPU.ActiveCfg = Release|Any CPU
		{140FC098-3434-414C-B277-DCCF2AF249BD}.Release|Any CPU.Build.0 = Release|Any CPU
		{318997D2-3EC1-4419-9091-4B2A9FD6092E}.Debug|Any CPU.ActiveCfg = Debug|Any CPU
		{318997D2-3EC1-4419-9091-4B2A9FD6092E}.Debug|Any CPU.Build.0 = Debug|Any CPU
		{318997D2-3EC1-4419-9091-4B2A9FD6092E}.Release|Any CPU.ActiveCfg = Release|Any CPU
		{318997D2-3EC1-4419-9091-4B2A9FD6092E}.Release|Any CPU.Build.0 = Release|Any CPU
		{DAF2F86E-07DF-4614-AEDC-8E951BA2D313}.Debug|Any CPU.ActiveCfg = Debug|Any CPU
		{DAF2F86E-07DF-4614-AEDC-8E951BA2D313}.Debug|Any CPU.Build.0 = Debug|Any CPU
		{DAF2F86E-07DF-4614-AEDC-8E951BA2D313}.Release|Any CPU.ActiveCfg = Release|Any CPU
		{DAF2F86E-07DF-4614-AEDC-8E951BA2D313}.Release|Any CPU.Build.0 = Release|Any CPU
		{21E76ABC-94A9-4E7E-8358-1B15C327C725}.Debug|Any CPU.ActiveCfg = Debug|Any CPU
		{21E76ABC-94A9-4E7E-8358-1B15C327C725}.Debug|Any CPU.Build.0 = Debug|Any CPU
		{21E76ABC-94A9-4E7E-8358-1B15C327C725}.Release|Any CPU.ActiveCfg = Release|Any CPU
		{21E76ABC-94A9-4E7E-8358-1B15C327C725}.Release|Any CPU.Build.0 = Release|Any CPU
		{DFA446E5-7636-46E3-8A66-CE870104488D}.Debug|Any CPU.ActiveCfg = Debug|Any CPU
		{DFA446E5-7636-46E3-8A66-CE870104488D}.Debug|Any CPU.Build.0 = Debug|Any CPU
		{DFA446E5-7636-46E3-8A66-CE870104488D}.Release|Any CPU.ActiveCfg = Release|Any CPU
		{DFA446E5-7636-46E3-8A66-CE870104488D}.Release|Any CPU.Build.0 = Release|Any CPU
	EndGlobalSection
	GlobalSection(SolutionProperties) = preSolution
		HideSolutionNode = FALSE
	EndGlobalSection
	GlobalSection(ExtensibilityGlobals) = postSolution
		SolutionGuid = {2A768BA2-E72D-4194-82DF-4CFAE99941E6}
	EndGlobalSection
EndGlobal
