
Microsoft Visual Studio Solution File, Format Version 12.00
# Visual Studio Version 16
VisualStudioVersion = 16.0.29411.108
MinimumVisualStudioVersion = 10.0.40219.1
Project("{9A19103F-16F7-4668-BE54-9A1E7A4F7556}") = "TobyMeehan.Com", "TobyMeehan.Com\TobyMeehan.Com.csproj", "{C1953EF6-31AD-4D82-B26A-EAB7783E2485}"
EndProject
Project("{9A19103F-16F7-4668-BE54-9A1E7A4F7556}") = "TobyMeehan.Com.Api", "TobyMeehan.Com.Api\TobyMeehan.Com.Api.csproj", "{B72B2EAC-7039-413D-A129-66A427B18DF1}"
EndProject
Project("{9A19103F-16F7-4668-BE54-9A1E7A4F7556}") = "TobyMeehan.Com.AspNetCore", "TobyMeehan.Com.AspNetCore\TobyMeehan.Com.AspNetCore.csproj", "{773362C8-E5D5-4F5F-ACDF-ADB952C079BC}"
EndProject
Project("{9A19103F-16F7-4668-BE54-9A1E7A4F7556}") = "DataAccessLibrary.Tests", "DataAccessLibrary.Tests\DataAccessLibrary.Tests.csproj", "{251791F7-1F90-4EFD-9CED-3867E789BB4C}"
EndProject
Project("{9A19103F-16F7-4668-BE54-9A1E7A4F7556}") = "DataAccessLibrary", "DataAccessLibrary\DataAccessLibrary.csproj", "{4D29D103-5A6E-441D-A058-568F9E8B5B34}"
EndProject
Project("{2150E333-8FDC-42A3-9474-1A3956D46DE8}") = "src", "src", "{05732657-CD1C-4F8C-870B-F3185F8A0686}"
EndProject
Project("{FAE04EC0-301F-11D3-BF4B-00C04F79EFBC}") = "TobyMeehan.Com", "src\TobyMeehan.Com\TobyMeehan.Com.csproj", "{BAB40C65-0188-4388-A9B9-2347BB0DE744}"
EndProject
Project("{FAE04EC0-301F-11D3-BF4B-00C04F79EFBC}") = "DataAccessLibrary", "src\DataAccessLibrary\DataAccessLibrary.csproj", "{663C3CEE-9B28-4753-8102-9397297B0260}"
EndProject
Project("{FAE04EC0-301F-11D3-BF4B-00C04F79EFBC}") = "TobyMeehan.Com.Accounts", "src\TobyMeehan.Com.Accounts\TobyMeehan.Com.Accounts.csproj", "{304416F3-5629-42EF-917A-01F15A624A33}"
EndProject
Global
	GlobalSection(SolutionConfigurationPlatforms) = preSolution
		Debug|Any CPU = Debug|Any CPU
		Release|Any CPU = Release|Any CPU
	EndGlobalSection
	GlobalSection(ProjectConfigurationPlatforms) = postSolution
		{C1953EF6-31AD-4D82-B26A-EAB7783E2485}.Debug|Any CPU.ActiveCfg = Debug|Any CPU
		{C1953EF6-31AD-4D82-B26A-EAB7783E2485}.Debug|Any CPU.Build.0 = Debug|Any CPU
		{C1953EF6-31AD-4D82-B26A-EAB7783E2485}.Release|Any CPU.ActiveCfg = Release|Any CPU
		{C1953EF6-31AD-4D82-B26A-EAB7783E2485}.Release|Any CPU.Build.0 = Release|Any CPU
		{B72B2EAC-7039-413D-A129-66A427B18DF1}.Debug|Any CPU.ActiveCfg = Debug|Any CPU
		{B72B2EAC-7039-413D-A129-66A427B18DF1}.Debug|Any CPU.Build.0 = Debug|Any CPU
		{B72B2EAC-7039-413D-A129-66A427B18DF1}.Release|Any CPU.ActiveCfg = Release|Any CPU
		{B72B2EAC-7039-413D-A129-66A427B18DF1}.Release|Any CPU.Build.0 = Release|Any CPU
		{773362C8-E5D5-4F5F-ACDF-ADB952C079BC}.Debug|Any CPU.ActiveCfg = Debug|Any CPU
		{773362C8-E5D5-4F5F-ACDF-ADB952C079BC}.Debug|Any CPU.Build.0 = Debug|Any CPU
		{773362C8-E5D5-4F5F-ACDF-ADB952C079BC}.Release|Any CPU.ActiveCfg = Release|Any CPU
		{773362C8-E5D5-4F5F-ACDF-ADB952C079BC}.Release|Any CPU.Build.0 = Release|Any CPU
		{251791F7-1F90-4EFD-9CED-3867E789BB4C}.Debug|Any CPU.ActiveCfg = Debug|Any CPU
		{251791F7-1F90-4EFD-9CED-3867E789BB4C}.Debug|Any CPU.Build.0 = Debug|Any CPU
		{251791F7-1F90-4EFD-9CED-3867E789BB4C}.Release|Any CPU.ActiveCfg = Release|Any CPU
		{251791F7-1F90-4EFD-9CED-3867E789BB4C}.Release|Any CPU.Build.0 = Release|Any CPU
		{4D29D103-5A6E-441D-A058-568F9E8B5B34}.Debug|Any CPU.ActiveCfg = Debug|Any CPU
		{4D29D103-5A6E-441D-A058-568F9E8B5B34}.Debug|Any CPU.Build.0 = Debug|Any CPU
		{4D29D103-5A6E-441D-A058-568F9E8B5B34}.Release|Any CPU.ActiveCfg = Release|Any CPU
		{4D29D103-5A6E-441D-A058-568F9E8B5B34}.Release|Any CPU.Build.0 = Release|Any CPU
		{BAB40C65-0188-4388-A9B9-2347BB0DE744}.Debug|Any CPU.ActiveCfg = Debug|Any CPU
		{BAB40C65-0188-4388-A9B9-2347BB0DE744}.Debug|Any CPU.Build.0 = Debug|Any CPU
		{BAB40C65-0188-4388-A9B9-2347BB0DE744}.Release|Any CPU.ActiveCfg = Release|Any CPU
		{BAB40C65-0188-4388-A9B9-2347BB0DE744}.Release|Any CPU.Build.0 = Release|Any CPU
		{663C3CEE-9B28-4753-8102-9397297B0260}.Debug|Any CPU.ActiveCfg = Debug|Any CPU
		{663C3CEE-9B28-4753-8102-9397297B0260}.Debug|Any CPU.Build.0 = Debug|Any CPU
		{663C3CEE-9B28-4753-8102-9397297B0260}.Release|Any CPU.ActiveCfg = Release|Any CPU
		{663C3CEE-9B28-4753-8102-9397297B0260}.Release|Any CPU.Build.0 = Release|Any CPU
		{304416F3-5629-42EF-917A-01F15A624A33}.Debug|Any CPU.ActiveCfg = Debug|Any CPU
		{304416F3-5629-42EF-917A-01F15A624A33}.Debug|Any CPU.Build.0 = Debug|Any CPU
		{304416F3-5629-42EF-917A-01F15A624A33}.Release|Any CPU.ActiveCfg = Release|Any CPU
		{304416F3-5629-42EF-917A-01F15A624A33}.Release|Any CPU.Build.0 = Release|Any CPU
	EndGlobalSection
	GlobalSection(SolutionProperties) = preSolution
		HideSolutionNode = FALSE
	EndGlobalSection
	GlobalSection(ExtensibilityGlobals) = postSolution
		SolutionGuid = {2A768BA2-E72D-4194-82DF-4CFAE99941E6}
	EndGlobalSection
	GlobalSection(NestedProjects) = preSolution
		{BAB40C65-0188-4388-A9B9-2347BB0DE744} = {05732657-CD1C-4F8C-870B-F3185F8A0686}
		{663C3CEE-9B28-4753-8102-9397297B0260} = {05732657-CD1C-4F8C-870B-F3185F8A0686}
		{304416F3-5629-42EF-917A-01F15A624A33} = {05732657-CD1C-4F8C-870B-F3185F8A0686}
	EndGlobalSection
EndGlobal
